PODS:
  - SnapKit (5.0.0)
  - SwifterSwift (5.0.0):
    - SwifterSwift/AppKit (= 5.0.0)
    - SwifterSwift/CoreGraphics (= 5.0.0)
    - SwifterSwift/CoreLocation (= 5.0.0)
    - SwifterSwift/Dispatch (= 5.0.0)
    - SwifterSwift/Foundation (= 5.0.0)
    - SwifterSwift/MapKit (= 5.0.0)
    - SwifterSwift/SpriteKit (= 5.0.0)
    - SwifterSwift/SwiftStdlib (= 5.0.0)
    - SwifterSwift/UIKit (= 5.0.0)
  - SwifterSwift/AppKit (5.0.0)
  - SwifterSwift/CoreGraphics (5.0.0)
  - SwifterSwift/CoreLocation (5.0.0)
  - SwifterSwift/Dispatch (5.0.0)
  - SwifterSwift/Foundation (5.0.0)
  - SwifterSwift/MapKit (5.0.0)
  - SwifterSwift/SpriteKit (5.0.0)
  - SwifterSwift/SwiftStdlib (5.0.0)
  - SwifterSwift/UIKit (5.0.0)

DEPENDENCIES:
  - SnapKit
  - SwifterSwift

SPEC REPOS:
  https://github.com/cocoapods/specs.git:
    - SnapKit
    - SwifterSwift

SPEC CHECKSUMS:
  SnapKit: fd22d10eb9aff484d79a8724eab922c1ddf89bcf
  SwifterSwift: 96f90594b370802f01647c2b1229c74a84ffafee

PODFILE CHECKSUM: e0c390d4c7e5762cc80517bd16252c2f088fc15b

COCOAPODS: 1.7.1
